
Microsoft Visual Studio Solution File, Format Version 12.00
# Visual Studio 14
VisualStudioVersion = 14.0.25123.0
MinimumVisualStudioVersion = 10.0.40219.1
Project("{FAE04EC0-301F-11D3-BF4B-00C04F79EFBC}") = "PokedexGUI", "PokedexGUI\PokedexGUI.csproj", "{83B0E1E0-C218-464D-973F-7FAB28333596}"
EndProject
Project("{FAE04EC0-301F-11D3-BF4B-00C04F79EFBC}") = "Pokedex", "Pokedex\Pokedex.csproj", "{46E62EF0-CD66-4212-A81D-C41113BA7806}"
EndProject
Project("{FAE04EC0-301F-11D3-BF4B-00C04F79EFBC}") = "GeneratePokedexData", "GeneratePokedexData\GeneratePokedexData.csproj", "{99156E6C-D760-447A-94C5-DCD0947E9960}"
EndProject
Global
	GlobalSection(SolutionConfigurationPlatforms) = preSolution
		Debug|Any CPU = Debug|Any CPU
		Release|Any CPU = Release|Any CPU
	EndGlobalSection
	GlobalSection(ProjectConfigurationPlatforms) = postSolution
		{83B0E1E0-C218-464D-973F-7FAB28333596}.Debug|Any CPU.ActiveCfg = Debug|Any CPU
		{83B0E1E0-C218-464D-973F-7FAB28333596}.Debug|Any CPU.Build.0 = Debug|Any CPU
		{83B0E1E0-C218-464D-973F-7FAB28333596}.Release|Any CPU.ActiveCfg = Release|Any CPU
		{83B0E1E0-C218-464D-973F-7FAB28333596}.Release|Any CPU.Build.0 = Release|Any CPU
		{46E62EF0-CD66-4212-A81D-C41113BA7806}.Debug|Any CPU.ActiveCfg = Debug|Any CPU
		{46E62EF0-CD66-4212-A81D-C41113BA7806}.Debug|Any CPU.Build.0 = Debug|Any CPU
		{46E62EF0-CD66-4212-A81D-C41113BA7806}.Release|Any CPU.ActiveCfg = Release|Any CPU
		{46E62EF0-CD66-4212-A81D-C41113BA7806}.Release|Any CPU.Build.0 = Release|Any CPU
		{99156E6C-D760-447A-94C5-DCD0947E9960}.Debug|Any CPU.ActiveCfg = Debug|Any CPU
		{99156E6C-D760-447A-94C5-DCD0947E9960}.Debug|Any CPU.Build.0 = Debug|Any CPU
		{99156E6C-D760-447A-94C5-DCD0947E9960}.Release|Any CPU.ActiveCfg = Release|Any CPU
		{99156E6C-D760-447A-94C5-DCD0947E9960}.Release|Any CPU.Build.0 = Release|Any CPU
	EndGlobalSection
	GlobalSection(SolutionProperties) = preSolution
		HideSolutionNode = FALSE
	EndGlobalSection
EndGlobal
